# This file was autogenerated by Stack.
# You should not edit this file by hand.
# For more information, please see the documentation at:
#   https://docs.haskellstack.org/en/stable/lock_files

packages:
- completed:
    hackage: parallel-io-0.3.5@sha256:97db32eb84b3141f4957f6d208c0ef8adce647cbf68099417e93c7d9a45f9b35,3482
    pantry-tree:
      size: 706
      sha256: 9c81a6a331620aca19c7f8cfb88df2a9584346820687d75147b2a7bab87e112b
  original:
    hackage: parallel-io-0.3.5@sha256:97db32eb84b3141f4957f6d208c0ef8adce647cbf68099417e93c7d9a45f9b35,3482
snapshots:
- completed:
    size: 587113
    url: https://raw.githubusercontent.com/commercialhaskell/stackage-snapshots/master/lts/18/6.yaml
    sha256: f74c482d7c93739ecf3abfbc0f2dea1c20a2dfb2462c689846ed55a9653b66f7
  original:
    url: https://raw.githubusercontent.com/commercialhaskell/stackage-snapshots/master/lts/18/6.yaml
